// !$*UTF8*$!
{
	archiveVersion = 1;
	classes = {
	};
	objectVersion = 46;
	objects = {

/* Begin PBXBuildFile section */
		62C633AC1C43E6FA002FA7DE /* AppDelegate.swift in Sources */ = {isa = PBXBuildFile; fileRef = 62C633AB1C43E6FA002FA7DE /* AppDelegate.swift */; };
		62C633B11C43E6FA002FA7DE /* Main.storyboard in Resources */ = {isa = PBXBuildFile; fileRef = 62C633AF1C43E6FA002FA7DE /* Main.storyboard */; };
		62C633B31C43E6FA002FA7DE /* Assets.xcassets in Resources */ = {isa = PBXBuildFile; fileRef = 62C633B21C43E6FA002FA7DE /* Assets.xcassets */; };
		62C633B61C43E6FA002FA7DE /* LaunchScreen.storyboard in Resources */ = {isa = PBXBuildFile; fileRef = 62C633B41C43E6FA002FA7DE /* LaunchScreen.storyboard */; };
		62C633C11C43E6FA002FA7DE /* JYWeiboTests.swift in Sources */ = {isa = PBXBuildFile; fileRef = 62C633C01C43E6FA002FA7DE /* JYWeiboTests.swift */; };
		62C633CC1C43E6FA002FA7DE /* JYWeiboUITests.swift in Sources */ = {isa = PBXBuildFile; fileRef = 62C633CB1C43E6FA002FA7DE /* JYWeiboUITests.swift */; };
		62C633F41C4513D1002FA7DE /* Common.swift in Sources */ = {isa = PBXBuildFile; fileRef = 62C633F31C4513D1002FA7DE /* Common.swift */; };
		62C633FB1C451A46002FA7DE /* NavigationViewController.swift in Sources */ = {isa = PBXBuildFile; fileRef = 62C633F91C451A46002FA7DE /* NavigationViewController.swift */; };
		62C633FC1C451A46002FA7DE /* TabViewController.swift in Sources */ = {isa = PBXBuildFile; fileRef = 62C633FA1C451A46002FA7DE /* TabViewController.swift */; };
		62C633FE1C451A54002FA7DE /* HomeViewController.swift in Sources */ = {isa = PBXBuildFile; fileRef = 62C633FD1C451A54002FA7DE /* HomeViewController.swift */; };
		62C634001C451A65002FA7DE /* DiscoveryViewController.swift in Sources */ = {isa = PBXBuildFile; fileRef = 62C633FF1C451A65002FA7DE /* DiscoveryViewController.swift */; };
		62C634021C451A80002FA7DE /* MeViewController.swift in Sources */ = {isa = PBXBuildFile; fileRef = 62C634011C451A80002FA7DE /* MeViewController.swift */; };
		62C634041C451A88002FA7DE /* MessageViewController.swift in Sources */ = {isa = PBXBuildFile; fileRef = 62C634031C451A88002FA7DE /* MessageViewController.swift */; };
/* End PBXBuildFile section */

/* Begin PBXContainerItemProxy section */
		62C633BD1C43E6FA002FA7DE /* PBXContainerItemProxy */ = {
			isa = PBXContainerItemProxy;
			containerPortal = 62C633A01C43E6FA002FA7DE /* Project object */;
			proxyType = 1;
			remoteGlobalIDString = 62C633A71C43E6FA002FA7DE;
			remoteInfo = JYWeibo;
		};
		62C633C81C43E6FA002FA7DE /* PBXContainerItemProxy */ = {
			isa = PBXContainerItemProxy;
			containerPortal = 62C633A01C43E6FA002FA7DE /* Project object */;
			proxyType = 1;
			remoteGlobalIDString = 62C633A71C43E6FA002FA7DE;
			remoteInfo = JYWeibo;
		};
/* End PBXContainerItemProxy section */

/* Begin PBXFileReference section */
		62C633A81C43E6FA002FA7DE /* JYWeibo.app */ = {isa = PBXFileReference; explicitFileType = wrapper.application; includeInIndex = 0; path = JYWeibo.app; sourceTree = BUILT_PRODUCTS_DIR; };
		62C633AB1C43E6FA002FA7DE /* AppDelegate.swift */ = {isa = PBXFileReference; lastKnownFileType = sourcecode.swift; path = AppDelegate.swift; sourceTree = "<group>"; };
		62C633B01C43E6FA002FA7DE /* Base */ = {isa = PBXFileReference; lastKnownFileType = file.storyboard; name = Base; path = Base.lproj/Main.storyboard; sourceTree = "<group>"; };
		62C633B21C43E6FA002FA7DE /* Assets.xcassets */ = {isa = PBXFileReference; lastKnownFileType = folder.assetcatalog; path = Assets.xcassets; sourceTree = "<group>"; };
		62C633B51C43E6FA002FA7DE /* Base */ = {isa = PBXFileReference; lastKnownFileType = file.storyboard; name = Base; path = Base.lproj/LaunchScreen.storyboard; sourceTree = "<group>"; };
		62C633B71C43E6FA002FA7DE /* Info.plist */ = {isa = PBXFileReference; lastKnownFileType = text.plist.xml; path = Info.plist; sourceTree = "<group>"; };
		62C633BC1C43E6FA002FA7DE /* JYWeiboTests.xctest */ = {isa = PBXFileReference; explicitFileType = wrapper.cfbundle; includeInIndex = 0; path = JYWeiboTests.xctest; sourceTree = BUILT_PRODUCTS_DIR; };
		62C633C01C43E6FA002FA7DE /* JYWeiboTests.swift */ = {isa = PBXFileReference; lastKnownFileType = sourcecode.swift; path = JYWeiboTests.swift; sourceTree = "<group>"; };
		62C633C21C43E6FA002FA7DE /* Info.plist */ = {isa = PBXFileReference; lastKnownFileType = text.plist.xml; path = Info.plist; sourceTree = "<group>"; };
		62C633C71C43E6FA002FA7DE /* JYWeiboUITests.xctest */ = {isa = PBXFileReference; explicitFileType = wrapper.cfbundle; includeInIndex = 0; path = JYWeiboUITests.xctest; sourceTree = BUILT_PRODUCTS_DIR; };
		62C633CB1C43E6FA002FA7DE /* JYWeiboUITests.swift */ = {isa = PBXFileReference; lastKnownFileType = sourcecode.swift; path = JYWeiboUITests.swift; sourceTree = "<group>"; };
		62C633CD1C43E6FA002FA7DE /* Info.plist */ = {isa = PBXFileReference; lastKnownFileType = text.plist.xml; path = Info.plist; sourceTree = "<group>"; };
		62C633F31C4513D1002FA7DE /* Common.swift */ = {isa = PBXFileReference; fileEncoding = 4; lastKnownFileType = sourcecode.swift; path = Common.swift; sourceTree = "<group>"; };
		62C633F91C451A46002FA7DE /* NavigationViewController.swift */ = {isa = PBXFileReference; fileEncoding = 4; lastKnownFileType = sourcecode.swift; path = NavigationViewController.swift; sourceTree = "<group>"; };
		62C633FA1C451A46002FA7DE /* TabViewController.swift */ = {isa = PBXFileReference; fileEncoding = 4; lastKnownFileType = sourcecode.swift; path = TabViewController.swift; sourceTree = "<group>"; };
		62C633FD1C451A54002FA7DE /* HomeViewController.swift */ = {isa = PBXFileReference; fileEncoding = 4; lastKnownFileType = sourcecode.swift; path = HomeViewController.swift; sourceTree = "<group>"; };
		62C633FF1C451A65002FA7DE /* DiscoveryViewController.swift */ = {isa = PBXFileReference; fileEncoding = 4; lastKnownFileType = sourcecode.swift; path = DiscoveryViewController.swift; sourceTree = "<group>"; };
		62C634011C451A80002FA7DE /* MeViewController.swift */ = {isa = PBXFileReference; fileEncoding = 4; lastKnownFileType = sourcecode.swift; path = MeViewController.swift; sourceTree = "<group>"; };
		62C634031C451A88002FA7DE /* MessageViewController.swift */ = {isa = PBXFileReference; fileEncoding = 4; lastKnownFileType = sourcecode.swift; path = MessageViewController.swift; sourceTree = "<group>"; };
/* End PBXFileReference section */

/* Begin PBXFrameworksBuildPhase section */
		62C633A51C43E6FA002FA7DE /* Frameworks */ = {
			isa = PBXFrameworksBuildPhase;
			buildActionMask = 2147483647;
			files = (
			);
			runOnlyForDeploymentPostprocessing = 0;
		};
		62C633B91C43E6FA002FA7DE /* Frameworks */ = {
			isa = PBXFrameworksBuildPhase;
			buildActionMask = 2147483647;
			files = (
			);
			runOnlyForDeploymentPostprocessing = 0;
		};
		62C633C41C43E6FA002FA7DE /* Frameworks */ = {
			isa = PBXFrameworksBuildPhase;
			buildActionMask = 2147483647;
			files = (
			);
			runOnlyForDeploymentPostprocessing = 0;
		};
/* End PBXFrameworksBuildPhase section */

/* Begin PBXGroup section */
		62C6339F1C43E6FA002FA7DE = {
			isa = PBXGroup;
			children = (
				62C633AA1C43E6FA002FA7DE /* JYWeibo */,
				62C633BF1C43E6FA002FA7DE /* JYWeiboTests */,
				62C633CA1C43E6FA002FA7DE /* JYWeiboUITests */,
				62C633A91C43E6FA002FA7DE /* Products */,
			);
			sourceTree = "<group>";
		};
		62C633A91C43E6FA002FA7DE /* Products */ = {
			isa = PBXGroup;
			children = (
				62C633A81C43E6FA002FA7DE /* JYWeibo.app */,
				62C633BC1C43E6FA002FA7DE /* JYWeiboTests.xctest */,
				62C633C71C43E6FA002FA7DE /* JYWeiboUITests.xctest */,
			);
			name = Products;
			sourceTree = "<group>";
		};
		62C633AA1C43E6FA002FA7DE /* JYWeibo */ = {
			isa = PBXGroup;
			children = (
				62C633F01C451302002FA7DE /* Other */,
				62C633D91C4512F7002FA7DE /* Classes */,
			);
			path = JYWeibo;
			sourceTree = "<group>";
		};
		62C633BF1C43E6FA002FA7DE /* JYWeiboTests */ = {
			isa = PBXGroup;
			children = (
				62C633C01C43E6FA002FA7DE /* JYWeiboTests.swift */,
				62C633C21C43E6FA002FA7DE /* Info.plist */,
			);
			path = JYWeiboTests;
			sourceTree = "<group>";
		};
		62C633CA1C43E6FA002FA7DE /* JYWeiboUITests */ = {
			isa = PBXGroup;
			children = (
				62C633CB1C43E6FA002FA7DE /* JYWeiboUITests.swift */,
				62C633CD1C43E6FA002FA7DE /* Info.plist */,
			);
			path = JYWeiboUITests;
			sourceTree = "<group>";
		};
		62C633D91C4512F7002FA7DE /* Classes */ = {
			isa = PBXGroup;
			children = (
				62C633DA1C4512F7002FA7DE /* Category */,
				62C633DB1C4512F7002FA7DE /* Discovery */,
				62C633DF1C4512F7002FA7DE /* Home */,
				62C633E31C4512F7002FA7DE /* Main */,
				62C633E71C4512F7002FA7DE /* Me */,
				62C633EB1C4512F7002FA7DE /* Message */,
				62C633EF1C4512F7002FA7DE /* Tools */,
			);
			path = Classes;
			sourceTree = "<group>";
		};
		62C633DA1C4512F7002FA7DE /* Category */ = {
			isa = PBXGroup;
			children = (
			);
			path = Category;
			sourceTree = "<group>";
		};
		62C633DB1C4512F7002FA7DE /* Discovery */ = {
			isa = PBXGroup;
			children = (
				62C633DC1C4512F7002FA7DE /* Controller */,
				62C633DD1C4512F7002FA7DE /* Model */,
				62C633DE1C4512F7002FA7DE /* View */,
			);
			path = Discovery;
			sourceTree = "<group>";
		};
		62C633DC1C4512F7002FA7DE /* Controller */ = {
			isa = PBXGroup;
			children = (
				62C633FF1C451A65002FA7DE /* DiscoveryViewController.swift */,
			);
			path = Controller;
			sourceTree = "<group>";
		};
		62C633DD1C4512F7002FA7DE /* Model */ = {
			isa = PBXGroup;
			children = (
			);
			path = Model;
			sourceTree = "<group>";
		};
		62C633DE1C4512F7002FA7DE /* View */ = {
			isa = PBXGroup;
			children = (
			);
			path = View;
			sourceTree = "<group>";
		};
		62C633DF1C4512F7002FA7DE /* Home */ = {
			isa = PBXGroup;
			children = (
				62C633E01C4512F7002FA7DE /* Controller */,
				62C633E11C4512F7002FA7DE /* Model */,
				62C633E21C4512F7002FA7DE /* View */,
			);
			path = Home;
			sourceTree = "<group>";
		};
		62C633E01C4512F7002FA7DE /* Controller */ = {
			isa = PBXGroup;
			children = (
				62C633FD1C451A54002FA7DE /* HomeViewController.swift */,
			);
			path = Controller;
			sourceTree = "<group>";
		};
		62C633E11C4512F7002FA7DE /* Model */ = {
			isa = PBXGroup;
			children = (
			);
			path = Model;
			sourceTree = "<group>";
		};
		62C633E21C4512F7002FA7DE /* View */ = {
			isa = PBXGroup;
			children = (
			);
			path = View;
			sourceTree = "<group>";
		};
		62C633E31C4512F7002FA7DE /* Main */ = {
			isa = PBXGroup;
			children = (
				62C633E41C4512F7002FA7DE /* Controller */,
				62C633E51C4512F7002FA7DE /* Model */,
				62C633E61C4512F7002FA7DE /* View */,
			);
			path = Main;
			sourceTree = "<group>";
		};
		62C633E41C4512F7002FA7DE /* Controller */ = {
			isa = PBXGroup;
			children = (
				62C633F91C451A46002FA7DE /* NavigationViewController.swift */,
				62C633FA1C451A46002FA7DE /* TabViewController.swift */,
			);
			path = Controller;
			sourceTree = "<group>";
		};
		62C633E51C4512F7002FA7DE /* Model */ = {
			isa = PBXGroup;
			children = (
			);
			path = Model;
			sourceTree = "<group>";
		};
		62C633E61C4512F7002FA7DE /* View */ = {
			isa = PBXGroup;
			children = (
			);
			path = View;
			sourceTree = "<group>";
		};
		62C633E71C4512F7002FA7DE /* Me */ = {
			isa = PBXGroup;
			children = (
				62C633E81C4512F7002FA7DE /* Controller */,
				62C633E91C4512F7002FA7DE /* Model */,
				62C633EA1C4512F7002FA7DE /* View */,
			);
			path = Me;
			sourceTree = "<group>";
		};
		62C633E81C4512F7002FA7DE /* Controller */ = {
			isa = PBXGroup;
			children = (
				62C634011C451A80002FA7DE /* MeViewController.swift */,
			);
			path = Controller;
			sourceTree = "<group>";
		};
		62C633E91C4512F7002FA7DE /* Model */ = {
			isa = PBXGroup;
			children = (
			);
			path = Model;
			sourceTree = "<group>";
		};
		62C633EA1C4512F7002FA7DE /* View */ = {
			isa = PBXGroup;
			children = (
			);
			path = View;
			sourceTree = "<group>";
		};
		62C633EB1C4512F7002FA7DE /* Message */ = {
			isa = PBXGroup;
			children = (
				62C633EC1C4512F7002FA7DE /* Controller */,
				62C633ED1C4512F7002FA7DE /* Model */,
				62C633EE1C4512F7002FA7DE /* View */,
			);
			path = Message;
			sourceTree = "<group>";
		};
		62C633EC1C4512F7002FA7DE /* Controller */ = {
			isa = PBXGroup;
			children = (
				62C634031C451A88002FA7DE /* MessageViewController.swift */,
			);
			path = Controller;
			sourceTree = "<group>";
		};
		62C633ED1C4512F7002FA7DE /* Model */ = {
			isa = PBXGroup;
			children = (
			);
			path = Model;
			sourceTree = "<group>";
		};
		62C633EE1C4512F7002FA7DE /* View */ = {
			isa = PBXGroup;
			children = (
			);
			path = View;
			sourceTree = "<group>";
		};
		62C633EF1C4512F7002FA7DE /* Tools */ = {
			isa = PBXGroup;
			children = (
				62C633F31C4513D1002FA7DE /* Common.swift */,
			);
			path = Tools;
			sourceTree = "<group>";
		};
		62C633F01C451302002FA7DE /* Other */ = {
			isa = PBXGroup;
			children = (
				62C633AB1C43E6FA002FA7DE /* AppDelegate.swift */,
				62C633AF1C43E6FA002FA7DE /* Main.storyboard */,
				62C633B21C43E6FA002FA7DE /* Assets.xcassets */,
				62C633B41C43E6FA002FA7DE /* LaunchScreen.storyboard */,
				62C633B71C43E6FA002FA7DE /* Info.plist */,
			);
			name = Other;
			sourceTree = "<group>";
		};
/* End PBXGroup section */

/* Begin PBXNativeTarget section */
		62C633A71C43E6FA002FA7DE /* JYWeibo */ = {
			isa = PBXNativeTarget;
			buildConfigurationList = 62C633D01C43E6FA002FA7DE /* Build configuration list for PBXNativeTarget "JYWeibo" */;
			buildPhases = (
				62C633A41C43E6FA002FA7DE /* Sources */,
				62C633A51C43E6FA002FA7DE /* Frameworks */,
				62C633A61C43E6FA002FA7DE /* Resources */,
			);
			buildRules = (
			);
			dependencies = (
			);
			name = JYWeibo;
			productName = JYWeibo;
			productReference = 62C633A81C43E6FA002FA7DE /* JYWeibo.app */;
			productType = "com.apple.product-type.application";
		};
		62C633BB1C43E6FA002FA7DE /* JYWeiboTests */ = {
			isa = PBXNativeTarget;
			buildConfigurationList = 62C633D31C43E6FA002FA7DE /* Build configuration list for PBXNativeTarget "JYWeiboTests" */;
			buildPhases = (
				62C633B81C43E6FA002FA7DE /* Sources */,
				62C633B91C43E6FA002FA7DE /* Frameworks */,
				62C633BA1C43E6FA002FA7DE /* Resources */,
			);
			buildRules = (
			);
			dependencies = (
				62C633BE1C43E6FA002FA7DE /* PBXTargetDependency */,
			);
			name = JYWeiboTests;
			productName = JYWeiboTests;
			productReference = 62C633BC1C43E6FA002FA7DE /* JYWeiboTests.xctest */;
			productType = "com.apple.product-type.bundle.unit-test";
		};
		62C633C61C43E6FA002FA7DE /* JYWeiboUITests */ = {
			isa = PBXNativeTarget;
			buildConfigurationList = 62C633D61C43E6FA002FA7DE /* Build configuration list for PBXNativeTarget "JYWeiboUITests" */;
			buildPhases = (
				62C633C31C43E6FA002FA7DE /* Sources */,
				62C633C41C43E6FA002FA7DE /* Frameworks */,
				62C633C51C43E6FA002FA7DE /* Resources */,
			);
			buildRules = (
			);
			dependencies = (
				62C633C91C43E6FA002FA7DE /* PBXTargetDependency */,
			);
			name = JYWeiboUITests;
			productName = JYWeiboUITests;
			productReference = 62C633C71C43E6FA002FA7DE /* JYWeiboUITests.xctest */;
			productType = "com.apple.product-type.bundle.ui-testing";
		};
/* End PBXNativeTarget section */

/* Begin PBXProject section */
		62C633A01C43E6FA002FA7DE /* Project object */ = {
			isa = PBXProject;
			attributes = {
				LastSwiftUpdateCheck = 0710;
				LastUpgradeCheck = 0710;
				ORGANIZATIONNAME = Joyann;
				TargetAttributes = {
					62C633A71C43E6FA002FA7DE = {
						CreatedOnToolsVersion = 7.1.1;
						DevelopmentTeam = 7XH48KBV9L;
					};
					62C633BB1C43E6FA002FA7DE = {
						CreatedOnToolsVersion = 7.1.1;
						TestTargetID = 62C633A71C43E6FA002FA7DE;
					};
					62C633C61C43E6FA002FA7DE = {
						CreatedOnToolsVersion = 7.1.1;
						TestTargetID = 62C633A71C43E6FA002FA7DE;
					};
				};
			};
			buildConfigurationList = 62C633A31C43E6FA002FA7DE /* Build configuration list for PBXProject "JYWeibo" */;
			compatibilityVersion = "Xcode 3.2";
			developmentRegion = English;
			hasScannedForEncodings = 0;
			knownRegions = (
				en,
				Base,
			);
			mainGroup = 62C6339F1C43E6FA002FA7DE;
			productRefGroup = 62C633A91C43E6FA002FA7DE /* Products */;
			projectDirPath = "";
			projectRoot = "";
			targets = (
				62C633A71C43E6FA002FA7DE /* JYWeibo */,
				62C633BB1C43E6FA002FA7DE /* JYWeiboTests */,
				62C633C61C43E6FA002FA7DE /* JYWeiboUITests */,
			);
		};
/* End PBXProject section */

/* Begin PBXResourcesBuildPhase section */
		62C633A61C43E6FA002FA7DE /* Resources */ = {
			isa = PBXResourcesBuildPhase;
			buildActionMask = 2147483647;
			files = (
				62C633B61C43E6FA002FA7DE /* LaunchScreen.storyboard in Resources */,
				62C633B31C43E6FA002FA7DE /* Assets.xcassets in Resources */,
				62C633B11C43E6FA002FA7DE /* Main.storyboard in Resources */,
			);
			runOnlyForDeploymentPostprocessing = 0;
		};
		62C633BA1C43E6FA002FA7DE /* Resources */ = {
			isa = PBXResourcesBuildPhase;
			buildActionMask = 2147483647;
			files = (
			);
			runOnlyForDeploymentPostprocessing = 0;
		};
		62C633C51C43E6FA002FA7DE /* Resources */ = {
			isa = PBXResourcesBuildPhase;
			buildActionMask = 2147483647;
			files = (
			);
			runOnlyForDeploymentPostprocessing = 0;
		};
/* End PBXResourcesBuildPhase section */

/* Begin PBXSourcesBuildPhase section */
		62C633A41C43E6FA002FA7DE /* Sources */ = {
			isa = PBXSourcesBuildPhase;
			buildActionMask = 2147483647;
			files = (
				62C633FE1C451A54002FA7DE /* HomeViewController.swift in Sources */,
				62C634021C451A80002FA7DE /* MeViewController.swift in Sources */,
				62C634041C451A88002FA7DE /* MessageViewController.swift in Sources */,
				62C634001C451A65002FA7DE /* DiscoveryViewController.swift in Sources */,
				62C633FC1C451A46002FA7DE /* TabViewController.swift in Sources */,
				62C633F41C4513D1002FA7DE /* Common.swift in Sources */,
				62C633FB1C451A46002FA7DE /* NavigationViewController.swift in Sources */,
				62C633AC1C43E6FA002FA7DE /* AppDelegate.swift in Sources */,
			);
			runOnlyForDeploymentPostprocessing = 0;
		};
		62C633B81C43E6FA002FA7DE /* Sources */ = {
			isa = PBXSourcesBuildPhase;
			buildActionMask = 2147483647;
			files = (
				62C633C11C43E6FA002FA7DE /* JYWeiboTests.swift in Sources */,
			);
			runOnlyForDeploymentPostprocessing = 0;
		};
		62C633C31C43E6FA002FA7DE /* Sources */ = {
			isa = PBXSourcesBuildPhase;
			buildActionMask = 2147483647;
			files = (
				62C633CC1C43E6FA002FA7DE /* JYWeiboUITests.swift in Sources */,
			);
			runOnlyForDeploymentPostprocessing = 0;
		};
/* End PBXSourcesBuildPhase section */

/* Begin PBXTargetDependency section */
		62C633BE1C43E6FA002FA7DE /* PBXTargetDependency */ = {
			isa = PBXTargetDependency;
			target = 62C633A71C43E6FA002FA7DE /* JYWeibo */;
			targetProxy = 62C633BD1C43E6FA002FA7DE /* PBXContainerItemProxy */;
		};
		62C633C91C43E6FA002FA7DE /* PBXTargetDependency */ = {
			isa = PBXTargetDependency;
			target = 62C633A71C43E6FA002FA7DE /* JYWeibo */;
			targetProxy = 62C633C81C43E6FA002FA7DE /* PBXContainerItemProxy */;
		};
/* End PBXTargetDependency section */

/* Begin PBXVariantGroup section */
		62C633AF1C43E6FA002FA7DE /* Main.storyboard */ = {
			isa = PBXVariantGroup;
			children = (
				62C633B01C43E6FA002FA7DE /* Base */,
			);
			name = Main.storyboard;
			sourceTree = "<group>";
		};
		62C633B41C43E6FA002FA7DE /* LaunchScreen.storyboard */ = {
			isa = PBXVariantGroup;
			children = (
				62C633B51C43E6FA002FA7DE /* Base */,
			);
			name = LaunchScreen.storyboard;
			sourceTree = "<group>";
		};
/* End PBXVariantGroup section */

/* Begin XCBuildConfiguration section */
		62C633CE1C43E6FA002FA7DE /* Debug */ = {
			isa = XCBuildConfiguration;
			buildSettings = {
				ALWAYS_SEARCH_USER_PATHS = NO;
				CLANG_CXX_LANGUAGE_STANDARD = "gnu++0x";
				CLANG_CXX_LIBRARY = "libc++";
				CLANG_ENABLE_MODULES = YES;
				CLANG_ENABLE_OBJC_ARC = YES;
				CLANG_WARN_BOOL_CONVERSION = YES;
				CLANG_WARN_CONSTANT_CONVERSION = YES;
				CLANG_WARN_DIRECT_OBJC_ISA_USAGE = YES_ERROR;
				CLANG_WARN_EMPTY_BODY = YES;
				CLANG_WARN_ENUM_CONVERSION = YES;
				CLANG_WARN_INT_CONVERSION = YES;
				CLANG_WARN_OBJC_ROOT_CLASS = YES_ERROR;
				CLANG_WARN_UNREACHABLE_CODE = YES;
				CLANG_WARN__DUPLICATE_METHOD_MATCH = YES;
				"CODE_SIGN_IDENTITY[sdk=iphoneos*]" = "iPhone Developer";
				COPY_PHASE_STRIP = NO;
				DEBUG_INFORMATION_FORMAT = dwarf;
				ENABLE_STRICT_OBJC_MSGSEND = YES;
				ENABLE_TESTABILITY = YES;
				GCC_C_LANGUAGE_STANDARD = gnu99;
				GCC_DYNAMIC_NO_PIC = NO;
				GCC_NO_COMMON_BLOCKS = YES;
				GCC_OPTIMIZATION_LEVEL = 0;
				GCC_PREPROCESSOR_DEFINITIONS = (
					"DEBUG=1",
					"$(inherited)",
				);
				GCC_WARN_64_TO_32_BIT_CONVERSION = YES;
				GCC_WARN_ABOUT_RETURN_TYPE = YES_ERROR;
				GCC_WARN_UNDECLARED_SELECTOR = YES;
				GCC_WARN_UNINITIALIZED_AUTOS = YES_AGGRESSIVE;
				GCC_WARN_UNUSED_FUNCTION = YES;
				GCC_WARN_UNUSED_VARIABLE = YES;
				IPHONEOS_DEPLOYMENT_TARGET = 9.1;
				MTL_ENABLE_DEBUG_INFO = YES;
				ONLY_ACTIVE_ARCH = YES;
				SDKROOT = iphoneos;
				SWIFT_OPTIMIZATION_LEVEL = "-Onone";
				TARGETED_DEVICE_FAMILY = "1,2";
			};
			name = Debug;
		};
		62C633CF1C43E6FA002FA7DE /* Release */ = {
			isa = XCBuildConfiguration;
			buildSettings = {
				ALWAYS_SEARCH_USER_PATHS = NO;
				CLANG_CXX_LANGUAGE_STANDARD = "gnu++0x";
				CLANG_CXX_LIBRARY = "libc++";
				CLANG_ENABLE_MODULES = YES;
				CLANG_ENABLE_OBJC_ARC = YES;
				CLANG_WARN_BOOL_CONVERSION = YES;
				CLANG_WARN_CONSTANT_CONVERSION = YES;
				CLANG_WARN_DIRECT_OBJC_ISA_USAGE = YES_ERROR;
				CLANG_WARN_EMPTY_BODY = YES;
				CLANG_WARN_ENUM_CONVERSION = YES;
				CLANG_WARN_INT_CONVERSION = YES;
				CLANG_WARN_OBJC_ROOT_CLASS = YES_ERROR;
				CLANG_WARN_UNREACHABLE_CODE = YES;
				CLANG_WARN__DUPLICATE_METHOD_MATCH = YES;
				"CODE_SIGN_IDENTITY[sdk=iphoneos*]" = "iPhone Developer";
				COPY_PHASE_STRIP = NO;
				DEBUG_INFORMATION_FORMAT = "dwarf-with-dsym";
				ENABLE_NS_ASSERTIONS = NO;
				ENABLE_STRICT_OBJC_MSGSEND = YES;
				GCC_C_LANGUAGE_STANDARD = gnu99;
				GCC_NO_COMMON_BLOCKS = YES;
				GCC_WARN_64_TO_32_BIT_CONVERSION = YES;
				GCC_WARN_ABOUT_RETURN_TYPE = YES_ERROR;
				GCC_WARN_UNDECLARED_SELECTOR = YES;
				GCC_WARN_UNINITIALIZED_AUTOS = YES_AGGRESSIVE;
				GCC_WARN_UNUSED_FUNCTION = YES;
				GCC_WARN_UNUSED_VARIABLE = YES;
				IPHONEOS_DEPLOYMENT_TARGET = 9.1;
				MTL_ENABLE_DEBUG_INFO = NO;
				SDKROOT = iphoneos;
				TARGETED_DEVICE_FAMILY = "1,2";
				VALIDATE_PRODUCT = YES;
			};
			name = Release;
		};
		62C633D11C43E6FA002FA7DE /* Debug */ = {
			isa = XCBuildConfiguration;
			buildSettings = {
				ASSETCATALOG_COMPILER_APPICON_NAME = AppIcon;
				ASSETCATALOG_COMPILER_LAUNCHIMAGE_NAME = "Brand Assets";
				CODE_SIGN_IDENTITY = "iPhone Developer";
				INFOPLIST_FILE = JYWeibo/Info.plist;
				IPHONEOS_DEPLOYMENT_TARGET = 8.0;
				LD_RUNPATH_SEARCH_PATHS = "$(inherited) @executable_path/Frameworks";
				PRODUCT_BUNDLE_IDENTIFIER = com.joyann.JYWeibo;
				PRODUCT_NAME = "$(TARGET_NAME)";
			};
			name = Debug;
		};
		62C633D21C43E6FA002FA7DE /* Release */ = {
			isa = XCBuildConfiguration;
			buildSettings = {
				ASSETCATALOG_COMPILER_APPICON_NAME = AppIcon;
				ASSETCATALOG_COMPILER_LAUNCHIMAGE_NAME = "Brand Assets";
				CODE_SIGN_IDENTITY = "iPhone Developer";
				INFOPLIST_FILE = JYWeibo/Info.plist;
				IPHONEOS_DEPLOYMENT_TARGET = 8.0;
				LD_RUNPATH_SEARCH_PATHS = "$(inherited) @executable_path/Frameworks";
				PRODUCT_BUNDLE_IDENTIFIER = com.joyann.JYWeibo;
				PRODUCT_NAME = "$(TARGET_NAME)";
			};
			name = Release;
		};
		62C633D41C43E6FA002FA7DE /* Debug */ = {
			isa = XCBuildConfiguration;
			buildSettings = {
				BUNDLE_LOADER = "$(TEST_HOST)";
				INFOPLIST_FILE = JYWeiboTests/Info.plist;
				LD_RUNPATH_SEARCH_PATHS = "$(inherited) @executable_path/Frameworks @loader_path/Frameworks";
				PRODUCT_BUNDLE_IDENTIFIER = com.joyann.JYWeiboTests;
				PRODUCT_NAME = "$(TARGET_NAME)";
				TEST_HOST = "$(BUILT_PRODUCTS_DIR)/JYWeibo.app/JYWeibo";
			};
			name = Debug;
		};
		62C633D51C43E6FA002FA7DE /* Release */ = {
			isa = XCBuildConfiguration;
			buildSettings = {
				BUNDLE_LOADER = "$(TEST_HOST)";
				INFOPLIST_FILE = JYWeiboTests/Info.plist;
				LD_RUNPATH_SEARCH_PATHS = "$(inherited) @executable_path/Frameworks @loader_path/Frameworks";
				PRODUCT_BUNDLE_IDENTIFIER = com.joyann.JYWeiboTests;
				PRODUCT_NAME = "$(TARGET_NAME)";
				TEST_HOST = "$(BUILT_PRODUCTS_DIR)/JYWeibo.app/JYWeibo";
			};
			name = Release;
		};
		62C633D71C43E6FA002FA7DE /* Debug */ = {
			isa = XCBuildConfiguration;
			buildSettings = {
				INFOPLIST_FILE = JYWeiboUITests/Info.plist;
				LD_RUNPATH_SEARCH_PATHS = "$(inherited) @executable_path/Frameworks @loader_path/Frameworks";
				PRODUCT_BUNDLE_IDENTIFIER = com.joyann.JYWeiboUITests;
				PRODUCT_NAME = "$(TARGET_NAME)";
				TEST_TARGET_NAME = JYWeibo;
				USES_XCTRUNNER = YES;
			};
			name = Debug;
		};
		62C633D81C43E6FA002FA7DE /* Release */ = {
			isa = XCBuildConfiguration;
			buildSettings = {
				INFOPLIST_FILE = JYWeiboUITests/Info.plist;
				LD_RUNPATH_SEARCH_PATHS = "$(inherited) @executable_path/Frameworks @loader_path/Frameworks";
				PRODUCT_BUNDLE_IDENTIFIER = com.joyann.JYWeiboUITests;
				PRODUCT_NAME = "$(TARGET_NAME)";
				TEST_TARGET_NAME = JYWeibo;
				USES_XCTRUNNER = YES;
			};
			name = Release;
		};
/* End XCBuildConfiguration section */

/* Begin XCConfigurationList section */
		62C633A31C43E6FA002FA7DE /* Build configuration list for PBXProject "JYWeibo" */ = {
			isa = XCConfigurationList;
			buildConfigurations = (
				62C633CE1C43E6FA002FA7DE /* Debug */,
				62C633CF1C43E6FA002FA7DE /* Release */,
			);
			defaultConfigurationIsVisible = 0;
			defaultConfigurationName = Release;
		};
		62C633D01C43E6FA002FA7DE /* Build configuration list for PBXNativeTarget "JYWeibo" */ = {
			isa = XCConfigurationList;
			buildConfigurations = (
				62C633D11C43E6FA002FA7DE /* Debug */,
				62C633D21C43E6FA002FA7DE /* Release */,
			);
			defaultConfigurationIsVisible = 0;
		};
		62C633D31C43E6FA002FA7DE /* Build configuration list for PBXNativeTarget "JYWeiboTests" */ = {
			isa = XCConfigurationList;
			buildConfigurations = (
				62C633D41C43E6FA002FA7DE /* Debug */,
				62C633D51C43E6FA002FA7DE /* Release */,
			);
			defaultConfigurationIsVisible = 0;
		};
		62C633D61C43E6FA002FA7DE /* Build configuration list for PBXNativeTarget "JYWeiboUITests" */ = {
			isa = XCConfigurationList;
			buildConfigurations = (
				62C633D71C43E6FA002FA7DE /* Debug */,
				62C633D81C43E6FA002FA7DE /* Release */,
			);
			defaultConfigurationIsVisible = 0;
		};
/* End XCConfigurationList section */
	};
	rootObject = 62C633A01C43E6FA002FA7DE /* Project object */;
}
